
Microsoft Visual Studio Solution File, Format Version 12.00
# Visual Studio Version 16
VisualStudioVersion = 16.0.29215.179
MinimumVisualStudioVersion = 10.0.40219.1
Project("{FAE04EC0-301F-11D3-BF4B-00C04F79EFBC}") = "Opgave_5_TCP_Server", "Opgave_5_TCP_Server\Opgave_5_TCP_Server.csproj", "{AEE37A04-116E-42D6-A6EF-5F6EAB91C3C9}"
EndProject
Project("{FAE04EC0-301F-11D3-BF4B-00C04F79EFBC}") = "ModelLib", "ModelLib\ModelLib.csproj", "{88AE9E89-F47B-4F45-87FE-6FE78FB10A67}"
EndProject
Global
	GlobalSection(SolutionConfigurationPlatforms) = preSolution
		Debug|Any CPU = Debug|Any CPU
		Release|Any CPU = Release|Any CPU
	EndGlobalSection
	GlobalSection(ProjectConfigurationPlatforms) = postSolution
		{AEE37A04-116E-42D6-A6EF-5F6EAB91C3C9}.Debug|Any CPU.ActiveCfg = Debug|Any CPU
		{AEE37A04-116E-42D6-A6EF-5F6EAB91C3C9}.Debug|Any CPU.Build.0 = Debug|Any CPU
		{AEE37A04-116E-42D6-A6EF-5F6EAB91C3C9}.Release|Any CPU.ActiveCfg = Release|Any CPU
		{AEE37A04-116E-42D6-A6EF-5F6EAB91C3C9}.Release|Any CPU.Build.0 = Release|Any CPU
		{88AE9E89-F47B-4F45-87FE-6FE78FB10A67}.Debug|Any CPU.ActiveCfg = Debug|Any CPU
		{88AE9E89-F47B-4F45-87FE-6FE78FB10A67}.Debug|Any CPU.Build.0 = Debug|Any CPU
		{88AE9E89-F47B-4F45-87FE-6FE78FB10A67}.Release|Any CPU.ActiveCfg = Release|Any CPU
		{88AE9E89-F47B-4F45-87FE-6FE78FB10A67}.Release|Any CPU.Build.0 = Release|Any CPU
	EndGlobalSection
	GlobalSection(SolutionProperties) = preSolution
		HideSolutionNode = FALSE
	EndGlobalSection
	GlobalSection(ExtensibilityGlobals) = postSolution
		SolutionGuid = {C3BD0269-3D46-4874-BC04-E441A6D24A20}
	EndGlobalSection
EndGlobal
